
Microsoft Visual Studio Solution File, Format Version 12.00
# Visual Studio 14
VisualStudioVersion = 14.0.25420.1
MinimumVisualStudioVersion = 10.0.40219.1
Project("{8BC9CEB8-8B4A-11D0-8D11-00A0C91BC942}") = "AesTool", "AesTool\AesTool.vcxproj", "{216D325E-2F87-4CD3-8AAA-EAFB30B18C1C}"
EndProject
Project("{8BC9CEB8-8B4A-11D0-8D11-00A0C91BC942}") = "Base64Tool", "Base64Tool\Base64Tool.vcxproj", "{72398D6B-A620-4C42-B4B0-2B232E33C56D}"
EndProject
Project("{8BC9CEB8-8B4A-11D0-8D11-00A0C91BC942}") = "ChaChaTool", "ChaChaTool\ChaChaTool.vcxproj", "{F78EA2CA-913A-4E2E-9D22-BDCD54841728}"
EndProject
Project("{8BC9CEB8-8B4A-11D0-8D11-00A0C91BC942}") = "DesTool", "DesTool\DesTool.vcxproj", "{3EFD6066-5218-4304-92B6-8AAA4070E260}"
EndProject
Project("{8BC9CEB8-8B4A-11D0-8D11-00A0C91BC942}") = "EcdhTool", "EcdhTool\EcdhTool.vcxproj", "{B9026F1F-9994-47A2-AD1B-E9C63F39F9CD}"
EndProject
Project("{8BC9CEB8-8B4A-11D0-8D11-00A0C91BC942}") = "KeyTool", "KeyTool\KeyTool.vcxproj", "{BDCD4605-BA40-442C-9370-2A61F042EF20}"
EndProject
Project("{8BC9CEB8-8B4A-11D0-8D11-00A0C91BC942}") = "TeaTool", "TeaTool\TeaTool.vcxproj", "{A811B8D5-1FB6-4EEC-853B-4817B43AEE67}"
EndProject
Global
	GlobalSection(SolutionConfigurationPlatforms) = preSolution
		Debug|x64 = Debug|x64
		Debug|x86 = Debug|x86
		Release|x64 = Release|x64
		Release|x86 = Release|x86
	EndGlobalSection
	GlobalSection(ProjectConfigurationPlatforms) = postSolution
		{216D325E-2F87-4CD3-8AAA-EAFB30B18C1C}.Debug|x64.ActiveCfg = Debug|Win32
		{216D325E-2F87-4CD3-8AAA-EAFB30B18C1C}.Debug|x86.ActiveCfg = Debug|Win32
		{216D325E-2F87-4CD3-8AAA-EAFB30B18C1C}.Debug|x86.Build.0 = Debug|Win32
		{216D325E-2F87-4CD3-8AAA-EAFB30B18C1C}.Release|x64.ActiveCfg = Release|Win32
		{216D325E-2F87-4CD3-8AAA-EAFB30B18C1C}.Release|x86.ActiveCfg = Release|Win32
		{216D325E-2F87-4CD3-8AAA-EAFB30B18C1C}.Release|x86.Build.0 = Release|Win32
		{72398D6B-A620-4C42-B4B0-2B232E33C56D}.Debug|x64.ActiveCfg = Debug|x64
		{72398D6B-A620-4C42-B4B0-2B232E33C56D}.Debug|x64.Build.0 = Debug|x64
		{72398D6B-A620-4C42-B4B0-2B232E33C56D}.Debug|x86.ActiveCfg = Debug|Win32
		{72398D6B-A620-4C42-B4B0-2B232E33C56D}.Debug|x86.Build.0 = Debug|Win32
		{72398D6B-A620-4C42-B4B0-2B232E33C56D}.Release|x64.ActiveCfg = Release|x64
		{72398D6B-A620-4C42-B4B0-2B232E33C56D}.Release|x64.Build.0 = Release|x64
		{72398D6B-A620-4C42-B4B0-2B232E33C56D}.Release|x86.ActiveCfg = Release|Win32
		{72398D6B-A620-4C42-B4B0-2B232E33C56D}.Release|x86.Build.0 = Release|Win32
		{F78EA2CA-913A-4E2E-9D22-BDCD54841728}.Debug|x64.ActiveCfg = Debug|Win32
		{F78EA2CA-913A-4E2E-9D22-BDCD54841728}.Debug|x86.ActiveCfg = Debug|Win32
		{F78EA2CA-913A-4E2E-9D22-BDCD54841728}.Debug|x86.Build.0 = Debug|Win32
		{F78EA2CA-913A-4E2E-9D22-BDCD54841728}.Release|x64.ActiveCfg = Release|Win32
		{F78EA2CA-913A-4E2E-9D22-BDCD54841728}.Release|x86.ActiveCfg = Release|Win32
		{F78EA2CA-913A-4E2E-9D22-BDCD54841728}.Release|x86.Build.0 = Release|Win32
		{3EFD6066-5218-4304-92B6-8AAA4070E260}.Debug|x64.ActiveCfg = Debug|Win32
		{3EFD6066-5218-4304-92B6-8AAA4070E260}.Debug|x86.ActiveCfg = Debug|Win32
		{3EFD6066-5218-4304-92B6-8AAA4070E260}.Debug|x86.Build.0 = Debug|Win32
		{3EFD6066-5218-4304-92B6-8AAA4070E260}.Release|x64.ActiveCfg = Release|Win32
		{3EFD6066-5218-4304-92B6-8AAA4070E260}.Release|x86.ActiveCfg = Release|Win32
		{3EFD6066-5218-4304-92B6-8AAA4070E260}.Release|x86.Build.0 = Release|Win32
		{B9026F1F-9994-47A2-AD1B-E9C63F39F9CD}.Debug|x64.ActiveCfg = Debug|Win32
		{B9026F1F-9994-47A2-AD1B-E9C63F39F9CD}.Debug|x86.ActiveCfg = Debug|Win32
		{B9026F1F-9994-47A2-AD1B-E9C63F39F9CD}.Debug|x86.Build.0 = Debug|Win32
		{B9026F1F-9994-47A2-AD1B-E9C63F39F9CD}.Release|x64.ActiveCfg = Release|Win32
		{B9026F1F-9994-47A2-AD1B-E9C63F39F9CD}.Release|x86.ActiveCfg = Release|Win32
		{B9026F1F-9994-47A2-AD1B-E9C63F39F9CD}.Release|x86.Build.0 = Release|Win32
		{BDCD4605-BA40-442C-9370-2A61F042EF20}.Debug|x64.ActiveCfg = Debug|Win32
		{BDCD4605-BA40-442C-9370-2A61F042EF20}.Debug|x86.ActiveCfg = Debug|Win32
		{BDCD4605-BA40-442C-9370-2A61F042EF20}.Debug|x86.Build.0 = Debug|Win32
		{BDCD4605-BA40-442C-9370-2A61F042EF20}.Release|x64.ActiveCfg = Release|Win32
		{BDCD4605-BA40-442C-9370-2A61F042EF20}.Release|x86.ActiveCfg = Release|Win32
		{BDCD4605-BA40-442C-9370-2A61F042EF20}.Release|x86.Build.0 = Release|Win32
		{A811B8D5-1FB6-4EEC-853B-4817B43AEE67}.Debug|x64.ActiveCfg = Debug|Win32
		{A811B8D5-1FB6-4EEC-853B-4817B43AEE67}.Debug|x86.ActiveCfg = Debug|Win32
		{A811B8D5-1FB6-4EEC-853B-4817B43AEE67}.Debug|x86.Build.0 = Debug|Win32
		{A811B8D5-1FB6-4EEC-853B-4817B43AEE67}.Release|x64.ActiveCfg = Release|Win32
		{A811B8D5-1FB6-4EEC-853B-4817B43AEE67}.Release|x86.ActiveCfg = Release|Win32
		{A811B8D5-1FB6-4EEC-853B-4817B43AEE67}.Release|x86.Build.0 = Release|Win32
	EndGlobalSection
	GlobalSection(SolutionProperties) = preSolution
		HideSolutionNode = FALSE
	EndGlobalSection
EndGlobal
